
Microsoft Visual Studio Solution File, Format Version 12.00
# Visual Studio Version 16
VisualStudioVersion = 16.0.30011.22
MinimumVisualStudioVersion = 10.0.40219.1
Project("{FAE04EC0-301F-11D3-BF4B-00C04F79EFBC}") = "OdeToFood", "OdeToFood\OdeToFood.csproj", "{B77E18A3-2E4E-4D9D-9A11-199E31A01318}"
EndProject
Project("{FAE04EC0-301F-11D3-BF4B-00C04F79EFBC}") = "OdeToFood.Core", "OdeToFood.Core\OdeToFood.Core.csproj", "{AAE3B3BE-057E-45E9-96B3-18D9219FE278}"
EndProject
Project("{FAE04EC0-301F-11D3-BF4B-00C04F79EFBC}") = "OdeToFood.Data", "OdeToFood.Data\OdeToFood.Data.csproj", "{81949588-0A47-4EC1-BD6E-908247BA319F}"
EndProject
Global
	GlobalSection(SolutionConfigurationPlatforms) = preSolution
		Debug|Any CPU = Debug|Any CPU
		Release|Any CPU = Release|Any CPU
	EndGlobalSection
	GlobalSection(ProjectConfigurationPlatforms) = postSolution
		{B77E18A3-2E4E-4D9D-9A11-199E31A01318}.Debug|Any CPU.ActiveCfg = Debug|Any CPU
		{B77E18A3-2E4E-4D9D-9A11-199E31A01318}.Debug|Any CPU.Build.0 = Debug|Any CPU
		{B77E18A3-2E4E-4D9D-9A11-199E31A01318}.Release|Any CPU.ActiveCfg = Release|Any CPU
		{B77E18A3-2E4E-4D9D-9A11-199E31A01318}.Release|Any CPU.Build.0 = Release|Any CPU
		{AAE3B3BE-057E-45E9-96B3-18D9219FE278}.Debug|Any CPU.ActiveCfg = Debug|Any CPU
		{AAE3B3BE-057E-45E9-96B3-18D9219FE278}.Debug|Any CPU.Build.0 = Debug|Any CPU
		{AAE3B3BE-057E-45E9-96B3-18D9219FE278}.Release|Any CPU.ActiveCfg = Release|Any CPU
		{AAE3B3BE-057E-45E9-96B3-18D9219FE278}.Release|Any CPU.Build.0 = Release|Any CPU
		{81949588-0A47-4EC1-BD6E-908247BA319F}.Debug|Any CPU.ActiveCfg = Debug|Any CPU
		{81949588-0A47-4EC1-BD6E-908247BA319F}.Debug|Any CPU.Build.0 = Debug|Any CPU
		{81949588-0A47-4EC1-BD6E-908247BA319F}.Release|Any CPU.ActiveCfg = Release|Any CPU
		{81949588-0A47-4EC1-BD6E-908247BA319F}.Release|Any CPU.Build.0 = Release|Any CPU
	EndGlobalSection
	GlobalSection(SolutionProperties) = preSolution
		HideSolutionNode = FALSE
	EndGlobalSection
	GlobalSection(ExtensibilityGlobals) = postSolution
		SolutionGuid = {64628F91-9669-4D2A-9B8C-C555559F6434}
	EndGlobalSection
EndGlobal
